
Microsoft Visual Studio Solution File, Format Version 12.00
# Visual Studio 15
VisualStudioVersion = 15.0.27703.2026
MinimumVisualStudioVersion = 10.0.40219.1
Project("{9A19103F-16F7-4668-BE54-9A1E7A4F7556}") = "AdventOfCode2017", "AdventOfCode2017\AdventOfCode2017.csproj", "{7655C9C8-6780-43C4-B1EB-D79EB141FD31}"
EndProject
Global
	GlobalSection(SolutionConfigurationPlatforms) = preSolution
		Debug|Any CPU = Debug|Any CPU
		Release|Any CPU = Release|Any CPU
	EndGlobalSection
	GlobalSection(ProjectConfigurationPlatforms) = postSolution
		{7655C9C8-6780-43C4-B1EB-D79EB141FD31}.Debug|Any CPU.ActiveCfg = Debug|Any CPU
		{7655C9C8-6780-43C4-B1EB-D79EB141FD31}.Debug|Any CPU.Build.0 = Debug|Any CPU
		{7655C9C8-6780-43C4-B1EB-D79EB141FD31}.Release|Any CPU.ActiveCfg = Release|Any CPU
		{7655C9C8-6780-43C4-B1EB-D79EB141FD31}.Release|Any CPU.Build.0 = Release|Any CPU
	EndGlobalSection
	GlobalSection(SolutionProperties) = preSolution
		HideSolutionNode = FALSE
	EndGlobalSection
	GlobalSection(ExtensibilityGlobals) = postSolution
		SolutionGuid = {0A3B73F7-1249-429D-AA6A-BA12A6BF0AF3}
	EndGlobalSection
EndGlobal
